// !$*UTF8*$!
{
	archiveVersion = 1;
	classes = {
	};
	objectVersion = 50;
	objects = {

/* Begin PBXBuildFile section */
		00E365E6232D66A5009C7FB2 /* Assets.xcassets in Resources */ = {isa = PBXBuildFile; fileRef = 00E365E5232D66A5009C7FB2 /* Assets.xcassets */; };
		00E365F0232D6881009C7FB2 /* AppDelegate.swift in Sources */ = {isa = PBXBuildFile; fileRef = 00E365DE232D66A4009C7FB2 /* AppDelegate.swift */; };
		00E365F3232D68EB009C7FB2 /* SplashScreenVC.swift in Sources */ = {isa = PBXBuildFile; fileRef = 00E365F2232D68EB009C7FB2 /* SplashScreenVC.swift */; };
		00E365F5232D6BD4009C7FB2 /* CommonViewController.swift in Sources */ = {isa = PBXBuildFile; fileRef = 00E365F4232D6BD4009C7FB2 /* CommonViewController.swift */; };
		00E365F7232D71A5009C7FB2 /* LoginVC.swift in Sources */ = {isa = PBXBuildFile; fileRef = 00E365F6232D71A5009C7FB2 /* LoginVC.swift */; };
		00E365F9232D7A35009C7FB2 /* MapVC.swift in Sources */ = {isa = PBXBuildFile; fileRef = 00E365F8232D7A35009C7FB2 /* MapVC.swift */; };
		00E365FB232D7D35009C7FB2 /* TabBarController.swift in Sources */ = {isa = PBXBuildFile; fileRef = 00E365FA232D7D35009C7FB2 /* TabBarController.swift */; };
		00E365FD232D896C009C7FB2 /* UserVC.swift in Sources */ = {isa = PBXBuildFile; fileRef = 00E365FC232D896C009C7FB2 /* UserVC.swift */; };
		00E365FF232D8976009C7FB2 /* AnimalsVC.swift in Sources */ = {isa = PBXBuildFile; fileRef = 00E365FE232D8976009C7FB2 /* AnimalsVC.swift */; };
		00E36601232D8983009C7FB2 /* RecyclePageVC.swift in Sources */ = {isa = PBXBuildFile; fileRef = 00E36600232D8983009C7FB2 /* RecyclePageVC.swift */; };
/* End PBXBuildFile section */

/* Begin PBXFileReference section */
		00E365DB232D66A4009C7FB2 /* EcoStore.app */ = {isa = PBXFileReference; explicitFileType = wrapper.application; includeInIndex = 0; path = EcoStore.app; sourceTree = BUILT_PRODUCTS_DIR; };
		00E365DE232D66A4009C7FB2 /* AppDelegate.swift */ = {isa = PBXFileReference; lastKnownFileType = sourcecode.swift; path = AppDelegate.swift; sourceTree = "<group>"; };
		00E365E5232D66A5009C7FB2 /* Assets.xcassets */ = {isa = PBXFileReference; lastKnownFileType = folder.assetcatalog; path = Assets.xcassets; sourceTree = "<group>"; };
		00E365EA232D66A5009C7FB2 /* Info.plist */ = {isa = PBXFileReference; lastKnownFileType = text.plist.xml; path = Info.plist; sourceTree = "<group>"; };
		00E365F2232D68EB009C7FB2 /* SplashScreenVC.swift */ = {isa = PBXFileReference; lastKnownFileType = sourcecode.swift; path = SplashScreenVC.swift; sourceTree = "<group>"; };
		00E365F4232D6BD4009C7FB2 /* CommonViewController.swift */ = {isa = PBXFileReference; lastKnownFileType = sourcecode.swift; path = CommonViewController.swift; sourceTree = "<group>"; };
		00E365F6232D71A5009C7FB2 /* LoginVC.swift */ = {isa = PBXFileReference; lastKnownFileType = sourcecode.swift; path = LoginVC.swift; sourceTree = "<group>"; };
		00E365F8232D7A35009C7FB2 /* MapVC.swift */ = {isa = PBXFileReference; lastKnownFileType = sourcecode.swift; path = MapVC.swift; sourceTree = "<group>"; };
		00E365FA232D7D35009C7FB2 /* TabBarController.swift */ = {isa = PBXFileReference; lastKnownFileType = sourcecode.swift; path = TabBarController.swift; sourceTree = "<group>"; };
		00E365FC232D896C009C7FB2 /* UserVC.swift */ = {isa = PBXFileReference; lastKnownFileType = sourcecode.swift; path = UserVC.swift; sourceTree = "<group>"; };
		00E365FE232D8976009C7FB2 /* AnimalsVC.swift */ = {isa = PBXFileReference; lastKnownFileType = sourcecode.swift; path = AnimalsVC.swift; sourceTree = "<group>"; };
		00E36600232D8983009C7FB2 /* RecyclePageVC.swift */ = {isa = PBXFileReference; lastKnownFileType = sourcecode.swift; path = RecyclePageVC.swift; sourceTree = "<group>"; };
/* End PBXFileReference section */

/* Begin PBXFrameworksBuildPhase section */
		00E365D8232D66A4009C7FB2 /* Frameworks */ = {
			isa = PBXFrameworksBuildPhase;
			buildActionMask = 2147483647;
			files = (
			);
			runOnlyForDeploymentPostprocessing = 0;
		};
/* End PBXFrameworksBuildPhase section */

/* Begin PBXGroup section */
		00E365D2232D66A4009C7FB2 = {
			isa = PBXGroup;
			children = (
				00E365DD232D66A4009C7FB2 /* EcoStore */,
				00E365DC232D66A4009C7FB2 /* Products */,
			);
			sourceTree = "<group>";
		};
		00E365DC232D66A4009C7FB2 /* Products */ = {
			isa = PBXGroup;
			children = (
				00E365DB232D66A4009C7FB2 /* EcoStore.app */,
			);
			name = Products;
			sourceTree = "<group>";
		};
		00E365DD232D66A4009C7FB2 /* EcoStore */ = {
			isa = PBXGroup;
			children = (
				00E365DE232D66A4009C7FB2 /* AppDelegate.swift */,
				00E365E5232D66A5009C7FB2 /* Assets.xcassets */,
				00E365EA232D66A5009C7FB2 /* Info.plist */,
				00E365F2232D68EB009C7FB2 /* SplashScreenVC.swift */,
				00E365F6232D71A5009C7FB2 /* LoginVC.swift */,
				00E365F4232D6BD4009C7FB2 /* CommonViewController.swift */,
				00E365F8232D7A35009C7FB2 /* MapVC.swift */,
				00E365FA232D7D35009C7FB2 /* TabBarController.swift */,
				00E365FC232D896C009C7FB2 /* UserVC.swift */,
				00E365FE232D8976009C7FB2 /* AnimalsVC.swift */,
				00E36600232D8983009C7FB2 /* RecyclePageVC.swift */,
			);
			path = EcoStore;
			sourceTree = "<group>";
		};
/* End PBXGroup section */

/* Begin PBXNativeTarget section */
		00E365DA232D66A4009C7FB2 /* EcoStore */ = {
			isa = PBXNativeTarget;
			buildConfigurationList = 00E365ED232D66A5009C7FB2 /* Build configuration list for PBXNativeTarget "EcoStore" */;
			buildPhases = (
				00E365D7232D66A4009C7FB2 /* Sources */,
				00E365D8232D66A4009C7FB2 /* Frameworks */,
				00E365D9232D66A4009C7FB2 /* Resources */,
			);
			buildRules = (
			);
			dependencies = (
			);
			name = EcoStore;
			productName = EcoStore;
			productReference = 00E365DB232D66A4009C7FB2 /* EcoStore.app */;
			productType = "com.apple.product-type.application";
		};
/* End PBXNativeTarget section */

/* Begin PBXProject section */
		00E365D3232D66A4009C7FB2 /* Project object */ = {
			isa = PBXProject;
			attributes = {
				LastSwiftUpdateCheck = 1030;
				LastUpgradeCheck = 1030;
				ORGANIZATIONNAME = "Stephanie Gu";
				TargetAttributes = {
					00E365DA232D66A4009C7FB2 = {
						CreatedOnToolsVersion = 10.3;
					};
				};
			};
			buildConfigurationList = 00E365D6232D66A4009C7FB2 /* Build configuration list for PBXProject "EcoStore" */;
			compatibilityVersion = "Xcode 9.3";
			developmentRegion = en;
			hasScannedForEncodings = 0;
			knownRegions = (
				en,
				Base,
			);
			mainGroup = 00E365D2232D66A4009C7FB2;
			productRefGroup = 00E365DC232D66A4009C7FB2 /* Products */;
			projectDirPath = "";
			projectRoot = "";
			targets = (
				00E365DA232D66A4009C7FB2 /* EcoStore */,
			);
		};
/* End PBXProject section */

/* Begin PBXResourcesBuildPhase section */
		00E365D9232D66A4009C7FB2 /* Resources */ = {
			isa = PBXResourcesBuildPhase;
			buildActionMask = 2147483647;
			files = (
				00E365E6232D66A5009C7FB2 /* Assets.xcassets in Resources */,
			);
			runOnlyForDeploymentPostprocessing = 0;
		};
/* End PBXResourcesBuildPhase section */

/* Begin PBXSourcesBuildPhase section */
		00E365D7232D66A4009C7FB2 /* Sources */ = {
			isa = PBXSourcesBuildPhase;
			buildActionMask = 2147483647;
			files = (
				00E365FF232D8976009C7FB2 /* AnimalsVC.swift in Sources */,
				00E365FD232D896C009C7FB2 /* UserVC.swift in Sources */,
				00E365F9232D7A35009C7FB2 /* MapVC.swift in Sources */,
				00E365F5232D6BD4009C7FB2 /* CommonViewController.swift in Sources */,
				00E365F3232D68EB009C7FB2 /* SplashScreenVC.swift in Sources */,
				00E365FB232D7D35009C7FB2 /* TabBarController.swift in Sources */,
				00E365F7232D71A5009C7FB2 /* LoginVC.swift in Sources */,
				00E365F0232D6881009C7FB2 /* AppDelegate.swift in Sources */,
				00E36601232D8983009C7FB2 /* RecyclePageVC.swift in Sources */,
			);
			runOnlyForDeploymentPostprocessing = 0;
		};
/* End PBXSourcesBuildPhase section */

/* Begin XCBuildConfiguration section */
		00E365EB232D66A5009C7FB2 /* Debug */ = {
			isa = XCBuildConfiguration;
			buildSettings = {
				ALWAYS_SEARCH_USER_PATHS = NO;
				CLANG_ANALYZER_NONNULL = YES;
				CLANG_ANALYZER_NUMBER_OBJECT_CONVERSION = YES_AGGRESSIVE;
				CLANG_CXX_LANGUAGE_STANDARD = "gnu++14";
				CLANG_CXX_LIBRARY = "libc++";
				CLANG_ENABLE_MODULES = YES;
				CLANG_ENABLE_OBJC_ARC = YES;
				CLANG_ENABLE_OBJC_WEAK = YES;
				CLANG_WARN_BLOCK_CAPTURE_AUTORELEASING = YES;
				CLANG_WARN_BOOL_CONVERSION = YES;
				CLANG_WARN_COMMA = YES;
				CLANG_WARN_CONSTANT_CONVERSION = YES;
				CLANG_WARN_DEPRECATED_OBJC_IMPLEMENTATIONS = YES;
				CLANG_WARN_DIRECT_OBJC_ISA_USAGE = YES_ERROR;
				CLANG_WARN_DOCUMENTATION_COMMENTS = YES;
				CLANG_WARN_EMPTY_BODY = YES;
				CLANG_WARN_ENUM_CONVERSION = YES;
				CLANG_WARN_INFINITE_RECURSION = YES;
				CLANG_WARN_INT_CONVERSION = YES;
				CLANG_WARN_NON_LITERAL_NULL_CONVERSION = YES;
				CLANG_WARN_OBJC_IMPLICIT_RETAIN_SELF = YES;
				CLANG_WARN_OBJC_LITERAL_CONVERSION = YES;
				CLANG_WARN_OBJC_ROOT_CLASS = YES_ERROR;
				CLANG_WARN_RANGE_LOOP_ANALYSIS = YES;
				CLANG_WARN_STRICT_PROTOTYPES = YES;
				CLANG_WARN_SUSPICIOUS_MOVE = YES;
				CLANG_WARN_UNGUARDED_AVAILABILITY = YES_AGGRESSIVE;
				CLANG_WARN_UNREACHABLE_CODE = YES;
				CLANG_WARN__DUPLICATE_METHOD_MATCH = YES;
				CODE_SIGN_IDENTITY = "iPhone Developer";
				COPY_PHASE_STRIP = NO;
				DEBUG_INFORMATION_FORMAT = dwarf;
				ENABLE_STRICT_OBJC_MSGSEND = YES;
				ENABLE_TESTABILITY = YES;
				GCC_C_LANGUAGE_STANDARD = gnu11;
				GCC_DYNAMIC_NO_PIC = NO;
				GCC_NO_COMMON_BLOCKS = YES;
				GCC_OPTIMIZATION_LEVEL = 0;
				GCC_PREPROCESSOR_DEFINITIONS = (
					"DEBUG=1",
					"$(inherited)",
				);
				GCC_WARN_64_TO_32_BIT_CONVERSION = YES;
				GCC_WARN_ABOUT_RETURN_TYPE = YES_ERROR;
				GCC_WARN_UNDECLARED_SELECTOR = YES;
				GCC_WARN_UNINITIALIZED_AUTOS = YES_AGGRESSIVE;
				GCC_WARN_UNUSED_FUNCTION = YES;
				GCC_WARN_UNUSED_VARIABLE = YES;
				IPHONEOS_DEPLOYMENT_TARGET = 12.4;
				MTL_ENABLE_DEBUG_INFO = INCLUDE_SOURCE;
				MTL_FAST_MATH = YES;
				ONLY_ACTIVE_ARCH = YES;
				SDKROOT = iphoneos;
				SWIFT_ACTIVE_COMPILATION_CONDITIONS = DEBUG;
				SWIFT_OPTIMIZATION_LEVEL = "-Onone";
			};
			name = Debug;
		};
		00E365EC232D66A5009C7FB2 /* Release */ = {
			isa = XCBuildConfiguration;
			buildSettings = {
				ALWAYS_SEARCH_USER_PATHS = NO;
				CLANG_ANALYZER_NONNULL = YES;
				CLANG_ANALYZER_NUMBER_OBJECT_CONVERSION = YES_AGGRESSIVE;
				CLANG_CXX_LANGUAGE_STANDARD = "gnu++14";
				CLANG_CXX_LIBRARY = "libc++";
				CLANG_ENABLE_MODULES = YES;
				CLANG_ENABLE_OBJC_ARC = YES;
				CLANG_ENABLE_OBJC_WEAK = YES;
				CLANG_WARN_BLOCK_CAPTURE_AUTORELEASING = YES;
				CLANG_WARN_BOOL_CONVERSION = YES;
				CLANG_WARN_COMMA = YES;
				CLANG_WARN_CONSTANT_CONVERSION = YES;
				CLANG_WARN_DEPRECATED_OBJC_IMPLEMENTATIONS = YES;
				CLANG_WARN_DIRECT_OBJC_ISA_USAGE = YES_ERROR;
				CLANG_WARN_DOCUMENTATION_COMMENTS = YES;
				CLANG_WARN_EMPTY_BODY = YES;
				CLANG_WARN_ENUM_CONVERSION = YES;
				CLANG_WARN_INFINITE_RECURSION = YES;
				CLANG_WARN_INT_CONVERSION = YES;
				CLANG_WARN_NON_LITERAL_NULL_CONVERSION = YES;
				CLANG_WARN_OBJC_IMPLICIT_RETAIN_SELF = YES;
				CLANG_WARN_OBJC_LITERAL_CONVERSION = YES;
				CLANG_WARN_OBJC_ROOT_CLASS = YES_ERROR;
				CLANG_WARN_RANGE_LOOP_ANALYSIS = YES;
				CLANG_WARN_STRICT_PROTOTYPES = YES;
				CLANG_WARN_SUSPICIOUS_MOVE = YES;
				CLANG_WARN_UNGUARDED_AVAILABILITY = YES_AGGRESSIVE;
				CLANG_WARN_UNREACHABLE_CODE = YES;
				CLANG_WARN__DUPLICATE_METHOD_MATCH = YES;
				CODE_SIGN_IDENTITY = "iPhone Developer";
				COPY_PHASE_STRIP = NO;
				DEBUG_INFORMATION_FORMAT = "dwarf-with-dsym";
				ENABLE_NS_ASSERTIONS = NO;
				ENABLE_STRICT_OBJC_MSGSEND = YES;
				GCC_C_LANGUAGE_STANDARD = gnu11;
				GCC_NO_COMMON_BLOCKS = YES;
				GCC_WARN_64_TO_32_BIT_CONVERSION = YES;
				GCC_WARN_ABOUT_RETURN_TYPE = YES_ERROR;
				GCC_WARN_UNDECLARED_SELECTOR = YES;
				GCC_WARN_UNINITIALIZED_AUTOS = YES_AGGRESSIVE;
				GCC_WARN_UNUSED_FUNCTION = YES;
				GCC_WARN_UNUSED_VARIABLE = YES;
				IPHONEOS_DEPLOYMENT_TARGET = 12.4;
				MTL_ENABLE_DEBUG_INFO = NO;
				MTL_FAST_MATH = YES;
				SDKROOT = iphoneos;
				SWIFT_COMPILATION_MODE = wholemodule;
				SWIFT_OPTIMIZATION_LEVEL = "-O";
				VALIDATE_PRODUCT = YES;
			};
			name = Release;
		};
		00E365EE232D66A5009C7FB2 /* Debug */ = {
			isa = XCBuildConfiguration;
			buildSettings = {
				ASSETCATALOG_COMPILER_APPICON_NAME = AppIcon;
				CODE_SIGN_STYLE = Automatic;
				INFOPLIST_FILE = EcoStore/Info.plist;
				IPHONEOS_DEPLOYMENT_TARGET = 12.1;
				LD_RUNPATH_SEARCH_PATHS = (
					"$(inherited)",
					"@executable_path/Frameworks",
				);
				PRODUCT_BUNDLE_IDENTIFIER = me.stephaniegu.EcoStore;
				PRODUCT_NAME = "$(TARGET_NAME)";
				SWIFT_VERSION = 4.0;
				TARGETED_DEVICE_FAMILY = "1,2";
			};
			name = Debug;
		};
		00E365EF232D66A5009C7FB2 /* Release */ = {
			isa = XCBuildConfiguration;
			buildSettings = {
				ASSETCATALOG_COMPILER_APPICON_NAME = AppIcon;
				CODE_SIGN_STYLE = Automatic;
				INFOPLIST_FILE = EcoStore/Info.plist;
				IPHONEOS_DEPLOYMENT_TARGET = 12.1;
				LD_RUNPATH_SEARCH_PATHS = (
					"$(inherited)",
					"@executable_path/Frameworks",
				);
				PRODUCT_BUNDLE_IDENTIFIER = me.stephaniegu.EcoStore;
				PRODUCT_NAME = "$(TARGET_NAME)";
				SWIFT_VERSION = 4.0;
				TARGETED_DEVICE_FAMILY = "1,2";
			};
			name = Release;
		};
/* End XCBuildConfiguration section */

/* Begin XCConfigurationList section */
		00E365D6232D66A4009C7FB2 /* Build configuration list for PBXProject "EcoStore" */ = {
			isa = XCConfigurationList;
			buildConfigurations = (
				00E365EB232D66A5009C7FB2 /* Debug */,
				00E365EC232D66A5009C7FB2 /* Release */,
			);
			defaultConfigurationIsVisible = 0;
			defaultConfigurationName = Release;
		};
		00E365ED232D66A5009C7FB2 /* Build configuration list for PBXNativeTarget "EcoStore" */ = {
			isa = XCConfigurationList;
			buildConfigurations = (
				00E365EE232D66A5009C7FB2 /* Debug */,
				00E365EF232D66A5009C7FB2 /* Release */,
			);
			defaultConfigurationIsVisible = 0;
			defaultConfigurationName = Release;
		};
/* End XCConfigurationList section */
	};
	rootObject = 00E365D3232D66A4009C7FB2 /* Project object */;
}
